
Microsoft Visual Studio Solution File, Format Version 12.00
# Visual Studio Version 16
VisualStudioVersion = 16.0.29411.108
MinimumVisualStudioVersion = 10.0.40219.1
Project("{2150E333-8FDC-42A3-9474-1A3956D46DE8}") = "Core", "Core", "{57FCCCBE-5820-40F0-A851-6C7B67415122}"
EndProject
Project("{2150E333-8FDC-42A3-9474-1A3956D46DE8}") = "Presentation", "Presentation", "{F7F0E841-ED04-4265-B6FF-B11F43139962}"
EndProject
Project("{9A19103F-16F7-4668-BE54-9A1E7A4F7556}") = "Application", "Application\Application.csproj", "{88ED0376-AE7F-4752-8EFD-792ED374D5C3}"
EndProject
Project("{9A19103F-16F7-4668-BE54-9A1E7A4F7556}") = "Common", "Common\Common.csproj", "{DAB8F46C-959E-4AE2-A486-070F8E38D5B7}"
EndProject
Project("{9A19103F-16F7-4668-BE54-9A1E7A4F7556}") = "Domain", "Domain\Domain.csproj", "{6F157188-556B-48BC-A039-479A66F3BB29}"
EndProject
Project("{2150E333-8FDC-42A3-9474-1A3956D46DE8}") = "Infrastructures", "Infrastructures", "{EB563F7C-B61E-4584-8DE0-C5492AED2A56}"
EndProject
Project("{9A19103F-16F7-4668-BE54-9A1E7A4F7556}") = "Infrastructure", "Infrastructure\Infrastructure.csproj", "{C71B240C-F92F-46F2-B016-BE8C5416A158}"
EndProject
Project("{2150E333-8FDC-42A3-9474-1A3956D46DE8}") = "Test", "Test", "{90DC14C3-D88F-4EF6-8247-7D1B05493146}"
EndProject
Project("{9A19103F-16F7-4668-BE54-9A1E7A4F7556}") = "Persistence", "Persistence\Persistence.csproj", "{2F09F8DE-9FCE-464B-B06E-A994A126684C}"
EndProject
Project("{9A19103F-16F7-4668-BE54-9A1E7A4F7556}") = "Web.Api", "Web.Api\Web.Api.csproj", "{AAF78AE0-DF34-4203-B1CB-2D307D4122AC}"
EndProject
Project("{9A19103F-16F7-4668-BE54-9A1E7A4F7556}") = "Application.UnitTest", "Application.UnitTest\Application.UnitTest.csproj", "{05A33953-EB7D-4EC1-B4C3-939D068A5A70}"
EndProject
Project("{9A19103F-16F7-4668-BE54-9A1E7A4F7556}") = "Api.IntegrationTest", "Api.IntegrationTest\Api.IntegrationTest.csproj", "{24F1BA6D-4663-4CFA-9959-6EFE24502BEF}"
EndProject
Global
	GlobalSection(SolutionConfigurationPlatforms) = preSolution
		Debug|Any CPU = Debug|Any CPU
		Release|Any CPU = Release|Any CPU
	EndGlobalSection
	GlobalSection(ProjectConfigurationPlatforms) = postSolution
		{88ED0376-AE7F-4752-8EFD-792ED374D5C3}.Debug|Any CPU.ActiveCfg = Debug|Any CPU
		{88ED0376-AE7F-4752-8EFD-792ED374D5C3}.Debug|Any CPU.Build.0 = Debug|Any CPU
		{88ED0376-AE7F-4752-8EFD-792ED374D5C3}.Release|Any CPU.ActiveCfg = Release|Any CPU
		{88ED0376-AE7F-4752-8EFD-792ED374D5C3}.Release|Any CPU.Build.0 = Release|Any CPU
		{DAB8F46C-959E-4AE2-A486-070F8E38D5B7}.Debug|Any CPU.ActiveCfg = Debug|Any CPU
		{DAB8F46C-959E-4AE2-A486-070F8E38D5B7}.Debug|Any CPU.Build.0 = Debug|Any CPU
		{DAB8F46C-959E-4AE2-A486-070F8E38D5B7}.Release|Any CPU.ActiveCfg = Release|Any CPU
		{DAB8F46C-959E-4AE2-A486-070F8E38D5B7}.Release|Any CPU.Build.0 = Release|Any CPU
		{6F157188-556B-48BC-A039-479A66F3BB29}.Debug|Any CPU.ActiveCfg = Debug|Any CPU
		{6F157188-556B-48BC-A039-479A66F3BB29}.Debug|Any CPU.Build.0 = Debug|Any CPU
		{6F157188-556B-48BC-A039-479A66F3BB29}.Release|Any CPU.ActiveCfg = Release|Any CPU
		{6F157188-556B-48BC-A039-479A66F3BB29}.Release|Any CPU.Build.0 = Release|Any CPU
		{C71B240C-F92F-46F2-B016-BE8C5416A158}.Debug|Any CPU.ActiveCfg = Debug|Any CPU
		{C71B240C-F92F-46F2-B016-BE8C5416A158}.Debug|Any CPU.Build.0 = Debug|Any CPU
		{C71B240C-F92F-46F2-B016-BE8C5416A158}.Release|Any CPU.ActiveCfg = Release|Any CPU
		{C71B240C-F92F-46F2-B016-BE8C5416A158}.Release|Any CPU.Build.0 = Release|Any CPU
		{2F09F8DE-9FCE-464B-B06E-A994A126684C}.Debug|Any CPU.ActiveCfg = Debug|Any CPU
		{2F09F8DE-9FCE-464B-B06E-A994A126684C}.Debug|Any CPU.Build.0 = Debug|Any CPU
		{2F09F8DE-9FCE-464B-B06E-A994A126684C}.Release|Any CPU.ActiveCfg = Release|Any CPU
		{2F09F8DE-9FCE-464B-B06E-A994A126684C}.Release|Any CPU.Build.0 = Release|Any CPU
		{AAF78AE0-DF34-4203-B1CB-2D307D4122AC}.Debug|Any CPU.ActiveCfg = Debug|Any CPU
		{AAF78AE0-DF34-4203-B1CB-2D307D4122AC}.Debug|Any CPU.Build.0 = Debug|Any CPU
		{AAF78AE0-DF34-4203-B1CB-2D307D4122AC}.Release|Any CPU.ActiveCfg = Release|Any CPU
		{AAF78AE0-DF34-4203-B1CB-2D307D4122AC}.Release|Any CPU.Build.0 = Release|Any CPU
		{05A33953-EB7D-4EC1-B4C3-939D068A5A70}.Debug|Any CPU.ActiveCfg = Debug|Any CPU
		{05A33953-EB7D-4EC1-B4C3-939D068A5A70}.Debug|Any CPU.Build.0 = Debug|Any CPU
		{05A33953-EB7D-4EC1-B4C3-939D068A5A70}.Release|Any CPU.ActiveCfg = Release|Any CPU
		{05A33953-EB7D-4EC1-B4C3-939D068A5A70}.Release|Any CPU.Build.0 = Release|Any CPU
		{24F1BA6D-4663-4CFA-9959-6EFE24502BEF}.Debug|Any CPU.ActiveCfg = Debug|Any CPU
		{24F1BA6D-4663-4CFA-9959-6EFE24502BEF}.Debug|Any CPU.Build.0 = Debug|Any CPU
		{24F1BA6D-4663-4CFA-9959-6EFE24502BEF}.Release|Any CPU.ActiveCfg = Release|Any CPU
		{24F1BA6D-4663-4CFA-9959-6EFE24502BEF}.Release|Any CPU.Build.0 = Release|Any CPU
	EndGlobalSection
	GlobalSection(SolutionProperties) = preSolution
		HideSolutionNode = FALSE
	EndGlobalSection
	GlobalSection(NestedProjects) = preSolution
		{88ED0376-AE7F-4752-8EFD-792ED374D5C3} = {57FCCCBE-5820-40F0-A851-6C7B67415122}
		{DAB8F46C-959E-4AE2-A486-070F8E38D5B7} = {57FCCCBE-5820-40F0-A851-6C7B67415122}
		{6F157188-556B-48BC-A039-479A66F3BB29} = {57FCCCBE-5820-40F0-A851-6C7B67415122}
		{C71B240C-F92F-46F2-B016-BE8C5416A158} = {EB563F7C-B61E-4584-8DE0-C5492AED2A56}
		{2F09F8DE-9FCE-464B-B06E-A994A126684C} = {EB563F7C-B61E-4584-8DE0-C5492AED2A56}
		{AAF78AE0-DF34-4203-B1CB-2D307D4122AC} = {F7F0E841-ED04-4265-B6FF-B11F43139962}
		{05A33953-EB7D-4EC1-B4C3-939D068A5A70} = {90DC14C3-D88F-4EF6-8247-7D1B05493146}
		{24F1BA6D-4663-4CFA-9959-6EFE24502BEF} = {90DC14C3-D88F-4EF6-8247-7D1B05493146}
	EndGlobalSection
	GlobalSection(ExtensibilityGlobals) = postSolution
		SolutionGuid = {B0ED7F77-92A5-455E-973C-AF938FFAFF1E}
	EndGlobalSection
EndGlobal
